// !$*UTF8*$!
{
	archiveVersion = 1;
	classes = {
	};
	objectVersion = 46;
	objects = {

/* Begin PBXBuildFile section */
		E62B5B5F1C94532F00E7A8FA /* AppDelegate.swift in Sources */ = {isa = PBXBuildFile; fileRef = E62B5B5E1C94532F00E7A8FA /* AppDelegate.swift */; };
		E62B5B661C94532F00E7A8FA /* Assets.xcassets in Resources */ = {isa = PBXBuildFile; fileRef = E62B5B651C94532F00E7A8FA /* Assets.xcassets */; };
		E62B5B691C94532F00E7A8FA /* LaunchScreen.storyboard in Resources */ = {isa = PBXBuildFile; fileRef = E62B5B671C94532F00E7A8FA /* LaunchScreen.storyboard */; };
		E62B5B741C94533000E7A8FA /* cvcTests.swift in Sources */ = {isa = PBXBuildFile; fileRef = E62B5B731C94533000E7A8FA /* cvcTests.swift */; };
		E62B5B7F1C94533000E7A8FA /* cvcUITests.swift in Sources */ = {isa = PBXBuildFile; fileRef = E62B5B7E1C94533000E7A8FA /* cvcUITests.swift */; };
		E62B5B8F1C94536300E7A8FA /* CollectionViewController.swift in Sources */ = {isa = PBXBuildFile; fileRef = E62B5B8E1C94536300E7A8FA /* CollectionViewController.swift */; };
/* End PBXBuildFile section */

/* Begin PBXContainerItemProxy section */
		E62B5B701C94533000E7A8FA /* PBXContainerItemProxy */ = {
			isa = PBXContainerItemProxy;
			containerPortal = E62B5B531C94532F00E7A8FA /* Project object */;
			proxyType = 1;
			remoteGlobalIDString = E62B5B5A1C94532F00E7A8FA;
			remoteInfo = cvc;
		};
		E62B5B7B1C94533000E7A8FA /* PBXContainerItemProxy */ = {
			isa = PBXContainerItemProxy;
			containerPortal = E62B5B531C94532F00E7A8FA /* Project object */;
			proxyType = 1;
			remoteGlobalIDString = E62B5B5A1C94532F00E7A8FA;
			remoteInfo = cvc;
		};
/* End PBXContainerItemProxy section */

/* Begin PBXFileReference section */
		E62B5B5B1C94532F00E7A8FA /* cvc.app */ = {isa = PBXFileReference; explicitFileType = wrapper.application; includeInIndex = 0; path = cvc.app; sourceTree = BUILT_PRODUCTS_DIR; };
		E62B5B5E1C94532F00E7A8FA /* AppDelegate.swift */ = {isa = PBXFileReference; lastKnownFileType = sourcecode.swift; path = AppDelegate.swift; sourceTree = "<group>"; };
		E62B5B651C94532F00E7A8FA /* Assets.xcassets */ = {isa = PBXFileReference; lastKnownFileType = folder.assetcatalog; path = Assets.xcassets; sourceTree = "<group>"; };
		E62B5B681C94532F00E7A8FA /* Base */ = {isa = PBXFileReference; lastKnownFileType = file.storyboard; name = Base; path = Base.lproj/LaunchScreen.storyboard; sourceTree = "<group>"; };
		E62B5B6A1C94532F00E7A8FA /* Info.plist */ = {isa = PBXFileReference; lastKnownFileType = text.plist.xml; path = Info.plist; sourceTree = "<group>"; };
		E62B5B6F1C94533000E7A8FA /* cvcTests.xctest */ = {isa = PBXFileReference; explicitFileType = wrapper.cfbundle; includeInIndex = 0; path = cvcTests.xctest; sourceTree = BUILT_PRODUCTS_DIR; };
		E62B5B731C94533000E7A8FA /* cvcTests.swift */ = {isa = PBXFileReference; lastKnownFileType = sourcecode.swift; path = cvcTests.swift; sourceTree = "<group>"; };
		E62B5B751C94533000E7A8FA /* Info.plist */ = {isa = PBXFileReference; lastKnownFileType = text.plist.xml; path = Info.plist; sourceTree = "<group>"; };
		E62B5B7A1C94533000E7A8FA /* cvcUITests.xctest */ = {isa = PBXFileReference; explicitFileType = wrapper.cfbundle; includeInIndex = 0; path = cvcUITests.xctest; sourceTree = BUILT_PRODUCTS_DIR; };
		E62B5B7E1C94533000E7A8FA /* cvcUITests.swift */ = {isa = PBXFileReference; lastKnownFileType = sourcecode.swift; path = cvcUITests.swift; sourceTree = "<group>"; };
		E62B5B801C94533000E7A8FA /* Info.plist */ = {isa = PBXFileReference; lastKnownFileType = text.plist.xml; path = Info.plist; sourceTree = "<group>"; };
		E62B5B8E1C94536300E7A8FA /* CollectionViewController.swift */ = {isa = PBXFileReference; fileEncoding = 4; lastKnownFileType = sourcecode.swift; name = CollectionViewController.swift; path = ../CollectionViewController.swift; sourceTree = "<group>"; };
/* End PBXFileReference section */

/* Begin PBXFrameworksBuildPhase section */
		E62B5B581C94532F00E7A8FA /* Frameworks */ = {
			isa = PBXFrameworksBuildPhase;
			buildActionMask = 2147483647;
			files = (
			);
			runOnlyForDeploymentPostprocessing = 0;
		};
		E62B5B6C1C94533000E7A8FA /* Frameworks */ = {
			isa = PBXFrameworksBuildPhase;
			buildActionMask = 2147483647;
			files = (
			);
			runOnlyForDeploymentPostprocessing = 0;
		};
		E62B5B771C94533000E7A8FA /* Frameworks */ = {
			isa = PBXFrameworksBuildPhase;
			buildActionMask = 2147483647;
			files = (
			);
			runOnlyForDeploymentPostprocessing = 0;
		};
/* End PBXFrameworksBuildPhase section */

/* Begin PBXGroup section */
		E62B5B521C94532F00E7A8FA = {
			isa = PBXGroup;
			children = (
				E62B5B5D1C94532F00E7A8FA /* cvc */,
				E62B5B721C94533000E7A8FA /* cvcTests */,
				E62B5B7D1C94533000E7A8FA /* cvcUITests */,
				E62B5B5C1C94532F00E7A8FA /* Products */,
			);
			sourceTree = "<group>";
		};
		E62B5B5C1C94532F00E7A8FA /* Products */ = {
			isa = PBXGroup;
			children = (
				E62B5B5B1C94532F00E7A8FA /* cvc.app */,
				E62B5B6F1C94533000E7A8FA /* cvcTests.xctest */,
				E62B5B7A1C94533000E7A8FA /* cvcUITests.xctest */,
			);
			name = Products;
			sourceTree = "<group>";
		};
		E62B5B5D1C94532F00E7A8FA /* cvc */ = {
			isa = PBXGroup;
			children = (
				E62B5B5E1C94532F00E7A8FA /* AppDelegate.swift */,
				E62B5B8E1C94536300E7A8FA /* CollectionViewController.swift */,
				E62B5B651C94532F00E7A8FA /* Assets.xcassets */,
				E62B5B671C94532F00E7A8FA /* LaunchScreen.storyboard */,
				E62B5B6A1C94532F00E7A8FA /* Info.plist */,
			);
			path = cvc;
			sourceTree = "<group>";
		};
		E62B5B721C94533000E7A8FA /* cvcTests */ = {
			isa = PBXGroup;
			children = (
				E62B5B731C94533000E7A8FA /* cvcTests.swift */,
				E62B5B751C94533000E7A8FA /* Info.plist */,
			);
			path = cvcTests;
			sourceTree = "<group>";
		};
		E62B5B7D1C94533000E7A8FA /* cvcUITests */ = {
			isa = PBXGroup;
			children = (
				E62B5B7E1C94533000E7A8FA /* cvcUITests.swift */,
				E62B5B801C94533000E7A8FA /* Info.plist */,
			);
			path = cvcUITests;
			sourceTree = "<group>";
		};
/* End PBXGroup section */

/* Begin PBXNativeTarget section */
		E62B5B5A1C94532F00E7A8FA /* cvc */ = {
			isa = PBXNativeTarget;
			buildConfigurationList = E62B5B831C94533000E7A8FA /* Build configuration list for PBXNativeTarget "cvc" */;
			buildPhases = (
				E62B5B571C94532F00E7A8FA /* Sources */,
				E62B5B581C94532F00E7A8FA /* Frameworks */,
				E62B5B591C94532F00E7A8FA /* Resources */,
			);
			buildRules = (
			);
			dependencies = (
			);
			name = cvc;
			productName = cvc;
			productReference = E62B5B5B1C94532F00E7A8FA /* cvc.app */;
			productType = "com.apple.product-type.application";
		};
		E62B5B6E1C94533000E7A8FA /* cvcTests */ = {
			isa = PBXNativeTarget;
			buildConfigurationList = E62B5B861C94533000E7A8FA /* Build configuration list for PBXNativeTarget "cvcTests" */;
			buildPhases = (
				E62B5B6B1C94533000E7A8FA /* Sources */,
				E62B5B6C1C94533000E7A8FA /* Frameworks */,
				E62B5B6D1C94533000E7A8FA /* Resources */,
			);
			buildRules = (
			);
			dependencies = (
				E62B5B711C94533000E7A8FA /* PBXTargetDependency */,
			);
			name = cvcTests;
			productName = cvcTests;
			productReference = E62B5B6F1C94533000E7A8FA /* cvcTests.xctest */;
			productType = "com.apple.product-type.bundle.unit-test";
		};
		E62B5B791C94533000E7A8FA /* cvcUITests */ = {
			isa = PBXNativeTarget;
			buildConfigurationList = E62B5B891C94533000E7A8FA /* Build configuration list for PBXNativeTarget "cvcUITests" */;
			buildPhases = (
				E62B5B761C94533000E7A8FA /* Sources */,
				E62B5B771C94533000E7A8FA /* Frameworks */,
				E62B5B781C94533000E7A8FA /* Resources */,
			);
			buildRules = (
			);
			dependencies = (
				E62B5B7C1C94533000E7A8FA /* PBXTargetDependency */,
			);
			name = cvcUITests;
			productName = cvcUITests;
			productReference = E62B5B7A1C94533000E7A8FA /* cvcUITests.xctest */;
			productType = "com.apple.product-type.bundle.ui-testing";
		};
/* End PBXNativeTarget section */

/* Begin PBXProject section */
		E62B5B531C94532F00E7A8FA /* Project object */ = {
			isa = PBXProject;
			attributes = {
				LastSwiftUpdateCheck = 0720;
				LastUpgradeCheck = 0720;
				ORGANIZATIONNAME = "Mac Bellingrath";
				TargetAttributes = {
					E62B5B5A1C94532F00E7A8FA = {
						CreatedOnToolsVersion = 7.2.1;
					};
					E62B5B6E1C94533000E7A8FA = {
						CreatedOnToolsVersion = 7.2.1;
						TestTargetID = E62B5B5A1C94532F00E7A8FA;
					};
					E62B5B791C94533000E7A8FA = {
						CreatedOnToolsVersion = 7.2.1;
						TestTargetID = E62B5B5A1C94532F00E7A8FA;
					};
				};
			};
			buildConfigurationList = E62B5B561C94532F00E7A8FA /* Build configuration list for PBXProject "cvc" */;
			compatibilityVersion = "Xcode 3.2";
			developmentRegion = English;
			hasScannedForEncodings = 0;
			knownRegions = (
				en,
				Base,
			);
			mainGroup = E62B5B521C94532F00E7A8FA;
			productRefGroup = E62B5B5C1C94532F00E7A8FA /* Products */;
			projectDirPath = "";
			projectRoot = "";
			targets = (
				E62B5B5A1C94532F00E7A8FA /* cvc */,
				E62B5B6E1C94533000E7A8FA /* cvcTests */,
				E62B5B791C94533000E7A8FA /* cvcUITests */,
			);
		};
/* End PBXProject section */

/* Begin PBXResourcesBuildPhase section */
		E62B5B591C94532F00E7A8FA /* Resources */ = {
			isa = PBXResourcesBuildPhase;
			buildActionMask = 2147483647;
			files = (
				E62B5B691C94532F00E7A8FA /* LaunchScreen.storyboard in Resources */,
				E62B5B661C94532F00E7A8FA /* Assets.xcassets in Resources */,
			);
			runOnlyForDeploymentPostprocessing = 0;
		};
		E62B5B6D1C94533000E7A8FA /* Resources */ = {
			isa = PBXResourcesBuildPhase;
			buildActionMask = 2147483647;
			files = (
			);
			runOnlyForDeploymentPostprocessing = 0;
		};
		E62B5B781C94533000E7A8FA /* Resources */ = {
			isa = PBXResourcesBuildPhase;
			buildActionMask = 2147483647;
			files = (
			);
			runOnlyForDeploymentPostprocessing = 0;
		};
/* End PBXResourcesBuildPhase section */

/* Begin PBXSourcesBuildPhase section */
		E62B5B571C94532F00E7A8FA /* Sources */ = {
			isa = PBXSourcesBuildPhase;
			buildActionMask = 2147483647;
			files = (
				E62B5B8F1C94536300E7A8FA /* CollectionViewController.swift in Sources */,
				E62B5B5F1C94532F00E7A8FA /* AppDelegate.swift in Sources */,
			);
			runOnlyForDeploymentPostprocessing = 0;
		};
		E62B5B6B1C94533000E7A8FA /* Sources */ = {
			isa = PBXSourcesBuildPhase;
			buildActionMask = 2147483647;
			files = (
				E62B5B741C94533000E7A8FA /* cvcTests.swift in Sources */,
			);
			runOnlyForDeploymentPostprocessing = 0;
		};
		E62B5B761C94533000E7A8FA /* Sources */ = {
			isa = PBXSourcesBuildPhase;
			buildActionMask = 2147483647;
			files = (
				E62B5B7F1C94533000E7A8FA /* cvcUITests.swift in Sources */,
			);
			runOnlyForDeploymentPostprocessing = 0;
		};
/* End PBXSourcesBuildPhase section */

/* Begin PBXTargetDependency section */
		E62B5B711C94533000E7A8FA /* PBXTargetDependency */ = {
			isa = PBXTargetDependency;
			target = E62B5B5A1C94532F00E7A8FA /* cvc */;
			targetProxy = E62B5B701C94533000E7A8FA /* PBXContainerItemProxy */;
		};
		E62B5B7C1C94533000E7A8FA /* PBXTargetDependency */ = {
			isa = PBXTargetDependency;
			target = E62B5B5A1C94532F00E7A8FA /* cvc */;
			targetProxy = E62B5B7B1C94533000E7A8FA /* PBXContainerItemProxy */;
		};
/* End PBXTargetDependency section */

/* Begin PBXVariantGroup section */
		E62B5B671C94532F00E7A8FA /* LaunchScreen.storyboard */ = {
			isa = PBXVariantGroup;
			children = (
				E62B5B681C94532F00E7A8FA /* Base */,
			);
			name = LaunchScreen.storyboard;
			sourceTree = "<group>";
		};
/* End PBXVariantGroup section */

/* Begin XCBuildConfiguration section */
		E62B5B811C94533000E7A8FA /* Debug */ = {
			isa = XCBuildConfiguration;
			buildSettings = {
				ALWAYS_SEARCH_USER_PATHS = NO;
				CLANG_CXX_LANGUAGE_STANDARD = "gnu++0x";
				CLANG_CXX_LIBRARY = "libc++";
				CLANG_ENABLE_MODULES = YES;
				CLANG_ENABLE_OBJC_ARC = YES;
				CLANG_WARN_BOOL_CONVERSION = YES;
				CLANG_WARN_CONSTANT_CONVERSION = YES;
				CLANG_WARN_DIRECT_OBJC_ISA_USAGE = YES_ERROR;
				CLANG_WARN_EMPTY_BODY = YES;
				CLANG_WARN_ENUM_CONVERSION = YES;
				CLANG_WARN_INT_CONVERSION = YES;
				CLANG_WARN_OBJC_ROOT_CLASS = YES_ERROR;
				CLANG_WARN_UNREACHABLE_CODE = YES;
				CLANG_WARN__DUPLICATE_METHOD_MATCH = YES;
				"CODE_SIGN_IDENTITY[sdk=iphoneos*]" = "iPhone Developer";
				COPY_PHASE_STRIP = NO;
				DEBUG_INFORMATION_FORMAT = dwarf;
				ENABLE_STRICT_OBJC_MSGSEND = YES;
				ENABLE_TESTABILITY = YES;
				GCC_C_LANGUAGE_STANDARD = gnu99;
				GCC_DYNAMIC_NO_PIC = NO;
				GCC_NO_COMMON_BLOCKS = YES;
				GCC_OPTIMIZATION_LEVEL = 0;
				GCC_PREPROCESSOR_DEFINITIONS = (
					"DEBUG=1",
					"$(inherited)",
				);
				GCC_WARN_64_TO_32_BIT_CONVERSION = YES;
				GCC_WARN_ABOUT_RETURN_TYPE = YES_ERROR;
				GCC_WARN_UNDECLARED_SELECTOR = YES;
				GCC_WARN_UNINITIALIZED_AUTOS = YES_AGGRESSIVE;
				GCC_WARN_UNUSED_FUNCTION = YES;
				GCC_WARN_UNUSED_VARIABLE = YES;
				IPHONEOS_DEPLOYMENT_TARGET = 9.2;
				MTL_ENABLE_DEBUG_INFO = YES;
				ONLY_ACTIVE_ARCH = YES;
				SDKROOT = iphoneos;
				SWIFT_OPTIMIZATION_LEVEL = "-Onone";
			};
			name = Debug;
		};
		E62B5B821C94533000E7A8FA /* Release */ = {
			isa = XCBuildConfiguration;
			buildSettings = {
				ALWAYS_SEARCH_USER_PATHS = NO;
				CLANG_CXX_LANGUAGE_STANDARD = "gnu++0x";
				CLANG_CXX_LIBRARY = "libc++";
				CLANG_ENABLE_MODULES = YES;
				CLANG_ENABLE_OBJC_ARC = YES;
				CLANG_WARN_BOOL_CONVERSION = YES;
				CLANG_WARN_CONSTANT_CONVERSION = YES;
				CLANG_WARN_DIRECT_OBJC_ISA_USAGE = YES_ERROR;
				CLANG_WARN_EMPTY_BODY = YES;
				CLANG_WARN_ENUM_CONVERSION = YES;
				CLANG_WARN_INT_CONVERSION = YES;
				CLANG_WARN_OBJC_ROOT_CLASS = YES_ERROR;
				CLANG_WARN_UNREACHABLE_CODE = YES;
				CLANG_WARN__DUPLICATE_METHOD_MATCH = YES;
				"CODE_SIGN_IDENTITY[sdk=iphoneos*]" = "iPhone Developer";
				COPY_PHASE_STRIP = NO;
				DEBUG_INFORMATION_FORMAT = "dwarf-with-dsym";
				ENABLE_NS_ASSERTIONS = NO;
				ENABLE_STRICT_OBJC_MSGSEND = YES;
				GCC_C_LANGUAGE_STANDARD = gnu99;
				GCC_NO_COMMON_BLOCKS = YES;
				GCC_WARN_64_TO_32_BIT_CONVERSION = YES;
				GCC_WARN_ABOUT_RETURN_TYPE = YES_ERROR;
				GCC_WARN_UNDECLARED_SELECTOR = YES;
				GCC_WARN_UNINITIALIZED_AUTOS = YES_AGGRESSIVE;
				GCC_WARN_UNUSED_FUNCTION = YES;
				GCC_WARN_UNUSED_VARIABLE = YES;
				IPHONEOS_DEPLOYMENT_TARGET = 9.2;
				MTL_ENABLE_DEBUG_INFO = NO;
				SDKROOT = iphoneos;
				VALIDATE_PRODUCT = YES;
			};
			name = Release;
		};
		E62B5B841C94533000E7A8FA /* Debug */ = {
			isa = XCBuildConfiguration;
			buildSettings = {
				ASSETCATALOG_COMPILER_APPICON_NAME = AppIcon;
				INFOPLIST_FILE = cvc/Info.plist;
				LD_RUNPATH_SEARCH_PATHS = "$(inherited) @executable_path/Frameworks";
				PRODUCT_BUNDLE_IDENTIFIER = com.macbellingrath.cvc;
				PRODUCT_NAME = "$(TARGET_NAME)";
			};
			name = Debug;
		};
		E62B5B851C94533000E7A8FA /* Release */ = {
			isa = XCBuildConfiguration;
			buildSettings = {
				ASSETCATALOG_COMPILER_APPICON_NAME = AppIcon;
				INFOPLIST_FILE = cvc/Info.plist;
				LD_RUNPATH_SEARCH_PATHS = "$(inherited) @executable_path/Frameworks";
				PRODUCT_BUNDLE_IDENTIFIER = com.macbellingrath.cvc;
				PRODUCT_NAME = "$(TARGET_NAME)";
			};
			name = Release;
		};
		E62B5B871C94533000E7A8FA /* Debug */ = {
			isa = XCBuildConfiguration;
			buildSettings = {
				BUNDLE_LOADER = "$(TEST_HOST)";
				INFOPLIST_FILE = cvcTests/Info.plist;
				LD_RUNPATH_SEARCH_PATHS = "$(inherited) @executable_path/Frameworks @loader_path/Frameworks";
				PRODUCT_BUNDLE_IDENTIFIER = com.macbellingrath.cvcTests;
				PRODUCT_NAME = "$(TARGET_NAME)";
				TEST_HOST = "$(BUILT_PRODUCTS_DIR)/cvc.app/cvc";
			};
			name = Debug;
		};
		E62B5B881C94533000E7A8FA /* Release */ = {
			isa = XCBuildConfiguration;
			buildSettings = {
				BUNDLE_LOADER = "$(TEST_HOST)";
				INFOPLIST_FILE = cvcTests/Info.plist;
				LD_RUNPATH_SEARCH_PATHS = "$(inherited) @executable_path/Frameworks @loader_path/Frameworks";
				PRODUCT_BUNDLE_IDENTIFIER = com.macbellingrath.cvcTests;
				PRODUCT_NAME = "$(TARGET_NAME)";
				TEST_HOST = "$(BUILT_PRODUCTS_DIR)/cvc.app/cvc";
			};
			name = Release;
		};
		E62B5B8A1C94533000E7A8FA /* Debug */ = {
			isa = XCBuildConfiguration;
			buildSettings = {
				INFOPLIST_FILE = cvcUITests/Info.plist;
				LD_RUNPATH_SEARCH_PATHS = "$(inherited) @executable_path/Frameworks @loader_path/Frameworks";
				PRODUCT_BUNDLE_IDENTIFIER = com.macbellingrath.cvcUITests;
				PRODUCT_NAME = "$(TARGET_NAME)";
				TEST_TARGET_NAME = cvc;
				USES_XCTRUNNER = YES;
			};
			name = Debug;
		};
		E62B5B8B1C94533000E7A8FA /* Release */ = {
			isa = XCBuildConfiguration;
			buildSettings = {
				INFOPLIST_FILE = cvcUITests/Info.plist;
				LD_RUNPATH_SEARCH_PATHS = "$(inherited) @executable_path/Frameworks @loader_path/Frameworks";
				PRODUCT_BUNDLE_IDENTIFIER = com.macbellingrath.cvcUITests;
				PRODUCT_NAME = "$(TARGET_NAME)";
				TEST_TARGET_NAME = cvc;
				USES_XCTRUNNER = YES;
			};
			name = Release;
		};
/* End XCBuildConfiguration section */

/* Begin XCConfigurationList section */
		E62B5B561C94532F00E7A8FA /* Build configuration list for PBXProject "cvc" */ = {
			isa = XCConfigurationList;
			buildConfigurations = (
				E62B5B811C94533000E7A8FA /* Debug */,
				E62B5B821C94533000E7A8FA /* Release */,
			);
			defaultConfigurationIsVisible = 0;
			defaultConfigurationName = Release;
		};
		E62B5B831C94533000E7A8FA /* Build configuration list for PBXNativeTarget "cvc" */ = {
			isa = XCConfigurationList;
			buildConfigurations = (
				E62B5B841C94533000E7A8FA /* Debug */,
				E62B5B851C94533000E7A8FA /* Release */,
			);
			defaultConfigurationIsVisible = 0;
		};
		E62B5B861C94533000E7A8FA /* Build configuration list for PBXNativeTarget "cvcTests" */ = {
			isa = XCConfigurationList;
			buildConfigurations = (
				E62B5B871C94533000E7A8FA /* Debug */,
				E62B5B881C94533000E7A8FA /* Release */,
			);
			defaultConfigurationIsVisible = 0;
		};
		E62B5B891C94533000E7A8FA /* Build configuration list for PBXNativeTarget "cvcUITests" */ = {
			isa = XCConfigurationList;
			buildConfigurations = (
				E62B5B8A1C94533000E7A8FA /* Debug */,
				E62B5B8B1C94533000E7A8FA /* Release */,
			);
			defaultConfigurationIsVisible = 0;
		};
/* End XCConfigurationList section */
	};
	rootObject = E62B5B531C94532F00E7A8FA /* Project object */;
}
