// !$*UTF8*$!
{
	archiveVersion = 1;
	classes = {
	};
	objectVersion = 46;
	objects = {

/* Begin PBXBuildFile section */
		E63CAEC31BB04687009F8192 /* AppDelegate.swift in Sources */ = {isa = PBXBuildFile; fileRef = E63CAEC21BB04687009F8192 /* AppDelegate.swift */; };
		E63CAEC51BB04687009F8192 /* ViewController.swift in Sources */ = {isa = PBXBuildFile; fileRef = E63CAEC41BB04687009F8192 /* ViewController.swift */; };
		E63CAEC81BB04687009F8192 /* Main.storyboard in Resources */ = {isa = PBXBuildFile; fileRef = E63CAEC61BB04687009F8192 /* Main.storyboard */; };
		E63CAECA1BB04687009F8192 /* Assets.xcassets in Resources */ = {isa = PBXBuildFile; fileRef = E63CAEC91BB04687009F8192 /* Assets.xcassets */; };
		E63CAECD1BB04687009F8192 /* LaunchScreen.storyboard in Resources */ = {isa = PBXBuildFile; fileRef = E63CAECB1BB04687009F8192 /* LaunchScreen.storyboard */; };
		E6CEF8321BB19FCD007776E8 /* CalculatorBrain.swift in Sources */ = {isa = PBXBuildFile; fileRef = E6CEF8311BB19FCD007776E8 /* CalculatorBrain.swift */; };
		E6CEF8541BB1DAFF007776E8 /* AsyncButton.swift in Sources */ = {isa = PBXBuildFile; fileRef = E6CEF8361BB1DAFF007776E8 /* AsyncButton.swift */; };
		E6CEF8551BB1DAFF007776E8 /* AsyncImageView.swift in Sources */ = {isa = PBXBuildFile; fileRef = E6CEF8371BB1DAFF007776E8 /* AsyncImageView.swift */; };
		E6CEF8561BB1DAFF007776E8 /* AutoTextView.swift in Sources */ = {isa = PBXBuildFile; fileRef = E6CEF8381BB1DAFF007776E8 /* AutoTextView.swift */; };
		E6CEF8571BB1DAFF007776E8 /* BlurView.swift in Sources */ = {isa = PBXBuildFile; fileRef = E6CEF8391BB1DAFF007776E8 /* BlurView.swift */; };
		E6CEF8581BB1DAFF007776E8 /* DesignableButton.swift in Sources */ = {isa = PBXBuildFile; fileRef = E6CEF83A1BB1DAFF007776E8 /* DesignableButton.swift */; };
		E6CEF8591BB1DAFF007776E8 /* DesignableImageView.swift in Sources */ = {isa = PBXBuildFile; fileRef = E6CEF83B1BB1DAFF007776E8 /* DesignableImageView.swift */; };
		E6CEF85A1BB1DAFF007776E8 /* DesignableLabel.swift in Sources */ = {isa = PBXBuildFile; fileRef = E6CEF83C1BB1DAFF007776E8 /* DesignableLabel.swift */; };
		E6CEF85B1BB1DAFF007776E8 /* DesignableTabBarController.swift in Sources */ = {isa = PBXBuildFile; fileRef = E6CEF83D1BB1DAFF007776E8 /* DesignableTabBarController.swift */; };
		E6CEF85C1BB1DAFF007776E8 /* DesignableTextField.swift in Sources */ = {isa = PBXBuildFile; fileRef = E6CEF83E1BB1DAFF007776E8 /* DesignableTextField.swift */; };
		E6CEF85D1BB1DAFF007776E8 /* DesignableTextView.swift in Sources */ = {isa = PBXBuildFile; fileRef = E6CEF83F1BB1DAFF007776E8 /* DesignableTextView.swift */; };
		E6CEF85E1BB1DAFF007776E8 /* DesignableView.swift in Sources */ = {isa = PBXBuildFile; fileRef = E6CEF8401BB1DAFF007776E8 /* DesignableView.swift */; };
		E6CEF85F1BB1DAFF007776E8 /* ImageLoader.swift in Sources */ = {isa = PBXBuildFile; fileRef = E6CEF8411BB1DAFF007776E8 /* ImageLoader.swift */; };
		E6CEF8601BB1DAFF007776E8 /* Info.plist in Resources */ = {isa = PBXBuildFile; fileRef = E6CEF8421BB1DAFF007776E8 /* Info.plist */; };
		E6CEF8611BB1DAFF007776E8 /* KeyboardLayoutConstraint.swift in Sources */ = {isa = PBXBuildFile; fileRef = E6CEF8431BB1DAFF007776E8 /* KeyboardLayoutConstraint.swift */; };
		E6CEF8621BB1DAFF007776E8 /* LoadingView.swift in Sources */ = {isa = PBXBuildFile; fileRef = E6CEF8441BB1DAFF007776E8 /* LoadingView.swift */; };
		E6CEF8631BB1DAFF007776E8 /* LoadingView.xib in Resources */ = {isa = PBXBuildFile; fileRef = E6CEF8451BB1DAFF007776E8 /* LoadingView.xib */; };
		E6CEF8641BB1DAFF007776E8 /* Misc.swift in Sources */ = {isa = PBXBuildFile; fileRef = E6CEF8461BB1DAFF007776E8 /* Misc.swift */; };
		E6CEF8651BB1DAFF007776E8 /* SoundPlayer.swift in Sources */ = {isa = PBXBuildFile; fileRef = E6CEF8471BB1DAFF007776E8 /* SoundPlayer.swift */; };
		E6CEF8661BB1DAFF007776E8 /* Spring.swift in Sources */ = {isa = PBXBuildFile; fileRef = E6CEF8491BB1DAFF007776E8 /* Spring.swift */; };
		E6CEF8671BB1DAFF007776E8 /* SpringAnimation.swift in Sources */ = {isa = PBXBuildFile; fileRef = E6CEF84A1BB1DAFF007776E8 /* SpringAnimation.swift */; };
		E6CEF8681BB1DAFF007776E8 /* SpringButton.swift in Sources */ = {isa = PBXBuildFile; fileRef = E6CEF84B1BB1DAFF007776E8 /* SpringButton.swift */; };
		E6CEF8691BB1DAFF007776E8 /* SpringImageView.swift in Sources */ = {isa = PBXBuildFile; fileRef = E6CEF84C1BB1DAFF007776E8 /* SpringImageView.swift */; };
		E6CEF86A1BB1DAFF007776E8 /* SpringLabel.swift in Sources */ = {isa = PBXBuildFile; fileRef = E6CEF84D1BB1DAFF007776E8 /* SpringLabel.swift */; };
		E6CEF86B1BB1DAFF007776E8 /* SpringTextField.swift in Sources */ = {isa = PBXBuildFile; fileRef = E6CEF84E1BB1DAFF007776E8 /* SpringTextField.swift */; };
		E6CEF86C1BB1DAFF007776E8 /* SpringTextView.swift in Sources */ = {isa = PBXBuildFile; fileRef = E6CEF84F1BB1DAFF007776E8 /* SpringTextView.swift */; };
		E6CEF86D1BB1DAFF007776E8 /* SpringView.swift in Sources */ = {isa = PBXBuildFile; fileRef = E6CEF8501BB1DAFF007776E8 /* SpringView.swift */; };
		E6CEF86E1BB1DAFF007776E8 /* TransitionManager.swift in Sources */ = {isa = PBXBuildFile; fileRef = E6CEF8511BB1DAFF007776E8 /* TransitionManager.swift */; };
		E6CEF86F1BB1DAFF007776E8 /* TransitionZoom.swift in Sources */ = {isa = PBXBuildFile; fileRef = E6CEF8521BB1DAFF007776E8 /* TransitionZoom.swift */; };
		E6CEF8701BB1DAFF007776E8 /* UnwindSegue.swift in Sources */ = {isa = PBXBuildFile; fileRef = E6CEF8531BB1DAFF007776E8 /* UnwindSegue.swift */; };
		E6D8B7641BB2E00F00462C45 /* CalculatorViewController.swift in Sources */ = {isa = PBXBuildFile; fileRef = E6D8B7631BB2E00F00462C45 /* CalculatorViewController.swift */; };
/* End PBXBuildFile section */

/* Begin PBXFileReference section */
		E63CAEBF1BB04687009F8192 /* Calculator.app */ = {isa = PBXFileReference; explicitFileType = wrapper.application; includeInIndex = 0; path = Calculator.app; sourceTree = BUILT_PRODUCTS_DIR; };
		E63CAEC21BB04687009F8192 /* AppDelegate.swift */ = {isa = PBXFileReference; lastKnownFileType = sourcecode.swift; path = AppDelegate.swift; sourceTree = "<group>"; };
		E63CAEC41BB04687009F8192 /* ViewController.swift */ = {isa = PBXFileReference; lastKnownFileType = sourcecode.swift; path = ViewController.swift; sourceTree = "<group>"; };
		E63CAEC71BB04687009F8192 /* Base */ = {isa = PBXFileReference; lastKnownFileType = file.storyboard; name = Base; path = Base.lproj/Main.storyboard; sourceTree = "<group>"; };
		E63CAEC91BB04687009F8192 /* Assets.xcassets */ = {isa = PBXFileReference; lastKnownFileType = folder.assetcatalog; path = Assets.xcassets; sourceTree = "<group>"; };
		E63CAECC1BB04687009F8192 /* Base */ = {isa = PBXFileReference; lastKnownFileType = file.storyboard; name = Base; path = Base.lproj/LaunchScreen.storyboard; sourceTree = "<group>"; };
		E63CAECE1BB04687009F8192 /* Info.plist */ = {isa = PBXFileReference; lastKnownFileType = text.plist.xml; path = Info.plist; sourceTree = "<group>"; };
		E6CEF8311BB19FCD007776E8 /* CalculatorBrain.swift */ = {isa = PBXFileReference; fileEncoding = 4; lastKnownFileType = sourcecode.swift; path = CalculatorBrain.swift; sourceTree = "<group>"; };
		E6CEF8361BB1DAFF007776E8 /* AsyncButton.swift */ = {isa = PBXFileReference; fileEncoding = 4; lastKnownFileType = sourcecode.swift; path = AsyncButton.swift; sourceTree = "<group>"; };
		E6CEF8371BB1DAFF007776E8 /* AsyncImageView.swift */ = {isa = PBXFileReference; fileEncoding = 4; lastKnownFileType = sourcecode.swift; path = AsyncImageView.swift; sourceTree = "<group>"; };
		E6CEF8381BB1DAFF007776E8 /* AutoTextView.swift */ = {isa = PBXFileReference; fileEncoding = 4; lastKnownFileType = sourcecode.swift; path = AutoTextView.swift; sourceTree = "<group>"; };
		E6CEF8391BB1DAFF007776E8 /* BlurView.swift */ = {isa = PBXFileReference; fileEncoding = 4; lastKnownFileType = sourcecode.swift; path = BlurView.swift; sourceTree = "<group>"; };
		E6CEF83A1BB1DAFF007776E8 /* DesignableButton.swift */ = {isa = PBXFileReference; fileEncoding = 4; lastKnownFileType = sourcecode.swift; path = DesignableButton.swift; sourceTree = "<group>"; };
		E6CEF83B1BB1DAFF007776E8 /* DesignableImageView.swift */ = {isa = PBXFileReference; fileEncoding = 4; lastKnownFileType = sourcecode.swift; path = DesignableImageView.swift; sourceTree = "<group>"; };
		E6CEF83C1BB1DAFF007776E8 /* DesignableLabel.swift */ = {isa = PBXFileReference; fileEncoding = 4; lastKnownFileType = sourcecode.swift; path = DesignableLabel.swift; sourceTree = "<group>"; };
		E6CEF83D1BB1DAFF007776E8 /* DesignableTabBarController.swift */ = {isa = PBXFileReference; fileEncoding = 4; lastKnownFileType = sourcecode.swift; path = DesignableTabBarController.swift; sourceTree = "<group>"; };
		E6CEF83E1BB1DAFF007776E8 /* DesignableTextField.swift */ = {isa = PBXFileReference; fileEncoding = 4; lastKnownFileType = sourcecode.swift; path = DesignableTextField.swift; sourceTree = "<group>"; };
		E6CEF83F1BB1DAFF007776E8 /* DesignableTextView.swift */ = {isa = PBXFileReference; fileEncoding = 4; lastKnownFileType = sourcecode.swift; path = DesignableTextView.swift; sourceTree = "<group>"; };
		E6CEF8401BB1DAFF007776E8 /* DesignableView.swift */ = {isa = PBXFileReference; fileEncoding = 4; lastKnownFileType = sourcecode.swift; path = DesignableView.swift; sourceTree = "<group>"; };
		E6CEF8411BB1DAFF007776E8 /* ImageLoader.swift */ = {isa = PBXFileReference; fileEncoding = 4; lastKnownFileType = sourcecode.swift; path = ImageLoader.swift; sourceTree = "<group>"; };
		E6CEF8421BB1DAFF007776E8 /* Info.plist */ = {isa = PBXFileReference; fileEncoding = 4; lastKnownFileType = text.plist.xml; path = Info.plist; sourceTree = "<group>"; };
		E6CEF8431BB1DAFF007776E8 /* KeyboardLayoutConstraint.swift */ = {isa = PBXFileReference; fileEncoding = 4; lastKnownFileType = sourcecode.swift; path = KeyboardLayoutConstraint.swift; sourceTree = "<group>"; };
		E6CEF8441BB1DAFF007776E8 /* LoadingView.swift */ = {isa = PBXFileReference; fileEncoding = 4; lastKnownFileType = sourcecode.swift; path = LoadingView.swift; sourceTree = "<group>"; };
		E6CEF8451BB1DAFF007776E8 /* LoadingView.xib */ = {isa = PBXFileReference; fileEncoding = 4; lastKnownFileType = file.xib; path = LoadingView.xib; sourceTree = "<group>"; };
		E6CEF8461BB1DAFF007776E8 /* Misc.swift */ = {isa = PBXFileReference; fileEncoding = 4; lastKnownFileType = sourcecode.swift; path = Misc.swift; sourceTree = "<group>"; };
		E6CEF8471BB1DAFF007776E8 /* SoundPlayer.swift */ = {isa = PBXFileReference; fileEncoding = 4; lastKnownFileType = sourcecode.swift; path = SoundPlayer.swift; sourceTree = "<group>"; };
		E6CEF8481BB1DAFF007776E8 /* Spring.h */ = {isa = PBXFileReference; fileEncoding = 4; lastKnownFileType = sourcecode.c.h; path = Spring.h; sourceTree = "<group>"; };
		E6CEF8491BB1DAFF007776E8 /* Spring.swift */ = {isa = PBXFileReference; fileEncoding = 4; lastKnownFileType = sourcecode.swift; path = Spring.swift; sourceTree = "<group>"; };
		E6CEF84A1BB1DAFF007776E8 /* SpringAnimation.swift */ = {isa = PBXFileReference; fileEncoding = 4; lastKnownFileType = sourcecode.swift; path = SpringAnimation.swift; sourceTree = "<group>"; };
		E6CEF84B1BB1DAFF007776E8 /* SpringButton.swift */ = {isa = PBXFileReference; fileEncoding = 4; lastKnownFileType = sourcecode.swift; path = SpringButton.swift; sourceTree = "<group>"; };
		E6CEF84C1BB1DAFF007776E8 /* SpringImageView.swift */ = {isa = PBXFileReference; fileEncoding = 4; lastKnownFileType = sourcecode.swift; path = SpringImageView.swift; sourceTree = "<group>"; };
		E6CEF84D1BB1DAFF007776E8 /* SpringLabel.swift */ = {isa = PBXFileReference; fileEncoding = 4; lastKnownFileType = sourcecode.swift; path = SpringLabel.swift; sourceTree = "<group>"; };
		E6CEF84E1BB1DAFF007776E8 /* SpringTextField.swift */ = {isa = PBXFileReference; fileEncoding = 4; lastKnownFileType = sourcecode.swift; path = SpringTextField.swift; sourceTree = "<group>"; };
		E6CEF84F1BB1DAFF007776E8 /* SpringTextView.swift */ = {isa = PBXFileReference; fileEncoding = 4; lastKnownFileType = sourcecode.swift; path = SpringTextView.swift; sourceTree = "<group>"; };
		E6CEF8501BB1DAFF007776E8 /* SpringView.swift */ = {isa = PBXFileReference; fileEncoding = 4; lastKnownFileType = sourcecode.swift; path = SpringView.swift; sourceTree = "<group>"; };
		E6CEF8511BB1DAFF007776E8 /* TransitionManager.swift */ = {isa = PBXFileReference; fileEncoding = 4; lastKnownFileType = sourcecode.swift; path = TransitionManager.swift; sourceTree = "<group>"; };
		E6CEF8521BB1DAFF007776E8 /* TransitionZoom.swift */ = {isa = PBXFileReference; fileEncoding = 4; lastKnownFileType = sourcecode.swift; path = TransitionZoom.swift; sourceTree = "<group>"; };
		E6CEF8531BB1DAFF007776E8 /* UnwindSegue.swift */ = {isa = PBXFileReference; fileEncoding = 4; lastKnownFileType = sourcecode.swift; path = UnwindSegue.swift; sourceTree = "<group>"; };
		E6D8B7621BB2074900462C45 /* CalculatorPlayground.playground */ = {isa = PBXFileReference; lastKnownFileType = file.playground; path = CalculatorPlayground.playground; sourceTree = "<group>"; };
		E6D8B7631BB2E00F00462C45 /* CalculatorViewController.swift */ = {isa = PBXFileReference; fileEncoding = 4; lastKnownFileType = sourcecode.swift; path = CalculatorViewController.swift; sourceTree = "<group>"; };
/* End PBXFileReference section */

/* Begin PBXFrameworksBuildPhase section */
		E63CAEBC1BB04687009F8192 /* Frameworks */ = {
			isa = PBXFrameworksBuildPhase;
			buildActionMask = 2147483647;
			files = (
			);
			runOnlyForDeploymentPostprocessing = 0;
		};
/* End PBXFrameworksBuildPhase section */

/* Begin PBXGroup section */
		E63CAEB61BB04687009F8192 = {
			isa = PBXGroup;
			children = (
				E63CAEC11BB04687009F8192 /* Calculator */,
				E63CAEC01BB04687009F8192 /* Products */,
				E6CEF8351BB1DAFF007776E8 /* Spring */,
			);
			sourceTree = "<group>";
		};
		E63CAEC01BB04687009F8192 /* Products */ = {
			isa = PBXGroup;
			children = (
				E63CAEBF1BB04687009F8192 /* Calculator.app */,
			);
			name = Products;
			sourceTree = "<group>";
		};
		E63CAEC11BB04687009F8192 /* Calculator */ = {
			isa = PBXGroup;
			children = (
				E63CAEC21BB04687009F8192 /* AppDelegate.swift */,
				E63CAEC41BB04687009F8192 /* ViewController.swift */,
				E6CEF8311BB19FCD007776E8 /* CalculatorBrain.swift */,
				E6D8B7631BB2E00F00462C45 /* CalculatorViewController.swift */,
				E63CAEC61BB04687009F8192 /* Main.storyboard */,
				E6D8B7621BB2074900462C45 /* CalculatorPlayground.playground */,
				E63CAEC91BB04687009F8192 /* Assets.xcassets */,
				E63CAECB1BB04687009F8192 /* LaunchScreen.storyboard */,
				E63CAECE1BB04687009F8192 /* Info.plist */,
			);
			path = Calculator;
			sourceTree = "<group>";
		};
		E6CEF8351BB1DAFF007776E8 /* Spring */ = {
			isa = PBXGroup;
			children = (
				E6CEF8361BB1DAFF007776E8 /* AsyncButton.swift */,
				E6CEF8371BB1DAFF007776E8 /* AsyncImageView.swift */,
				E6CEF8381BB1DAFF007776E8 /* AutoTextView.swift */,
				E6CEF8391BB1DAFF007776E8 /* BlurView.swift */,
				E6CEF83A1BB1DAFF007776E8 /* DesignableButton.swift */,
				E6CEF83B1BB1DAFF007776E8 /* DesignableImageView.swift */,
				E6CEF83C1BB1DAFF007776E8 /* DesignableLabel.swift */,
				E6CEF83D1BB1DAFF007776E8 /* DesignableTabBarController.swift */,
				E6CEF83E1BB1DAFF007776E8 /* DesignableTextField.swift */,
				E6CEF83F1BB1DAFF007776E8 /* DesignableTextView.swift */,
				E6CEF8401BB1DAFF007776E8 /* DesignableView.swift */,
				E6CEF8411BB1DAFF007776E8 /* ImageLoader.swift */,
				E6CEF8421BB1DAFF007776E8 /* Info.plist */,
				E6CEF8431BB1DAFF007776E8 /* KeyboardLayoutConstraint.swift */,
				E6CEF8441BB1DAFF007776E8 /* LoadingView.swift */,
				E6CEF8451BB1DAFF007776E8 /* LoadingView.xib */,
				E6CEF8461BB1DAFF007776E8 /* Misc.swift */,
				E6CEF8471BB1DAFF007776E8 /* SoundPlayer.swift */,
				E6CEF8481BB1DAFF007776E8 /* Spring.h */,
				E6CEF8491BB1DAFF007776E8 /* Spring.swift */,
				E6CEF84A1BB1DAFF007776E8 /* SpringAnimation.swift */,
				E6CEF84B1BB1DAFF007776E8 /* SpringButton.swift */,
				E6CEF84C1BB1DAFF007776E8 /* SpringImageView.swift */,
				E6CEF84D1BB1DAFF007776E8 /* SpringLabel.swift */,
				E6CEF84E1BB1DAFF007776E8 /* SpringTextField.swift */,
				E6CEF84F1BB1DAFF007776E8 /* SpringTextView.swift */,
				E6CEF8501BB1DAFF007776E8 /* SpringView.swift */,
				E6CEF8511BB1DAFF007776E8 /* TransitionManager.swift */,
				E6CEF8521BB1DAFF007776E8 /* TransitionZoom.swift */,
				E6CEF8531BB1DAFF007776E8 /* UnwindSegue.swift */,
			);
			path = Spring;
			sourceTree = "<group>";
		};
/* End PBXGroup section */

/* Begin PBXNativeTarget section */
		E63CAEBE1BB04687009F8192 /* Calculator */ = {
			isa = PBXNativeTarget;
			buildConfigurationList = E63CAED11BB04687009F8192 /* Build configuration list for PBXNativeTarget "Calculator" */;
			buildPhases = (
				E63CAEBB1BB04687009F8192 /* Sources */,
				E63CAEBC1BB04687009F8192 /* Frameworks */,
				E63CAEBD1BB04687009F8192 /* Resources */,
			);
			buildRules = (
			);
			dependencies = (
			);
			name = Calculator;
			productName = Calculator;
			productReference = E63CAEBF1BB04687009F8192 /* Calculator.app */;
			productType = "com.apple.product-type.application";
		};
/* End PBXNativeTarget section */

/* Begin PBXProject section */
		E63CAEB71BB04687009F8192 /* Project object */ = {
			isa = PBXProject;
			attributes = {
				LastUpgradeCheck = 0710;
				ORGANIZATIONNAME = "Mac Bellingrath";
				TargetAttributes = {
					E63CAEBE1BB04687009F8192 = {
						CreatedOnToolsVersion = 7.1;
					};
				};
			};
			buildConfigurationList = E63CAEBA1BB04687009F8192 /* Build configuration list for PBXProject "Calculator" */;
			compatibilityVersion = "Xcode 3.2";
			developmentRegion = English;
			hasScannedForEncodings = 0;
			knownRegions = (
				en,
				Base,
			);
			mainGroup = E63CAEB61BB04687009F8192;
			productRefGroup = E63CAEC01BB04687009F8192 /* Products */;
			projectDirPath = "";
			projectRoot = "";
			targets = (
				E63CAEBE1BB04687009F8192 /* Calculator */,
			);
		};
/* End PBXProject section */

/* Begin PBXResourcesBuildPhase section */
		E63CAEBD1BB04687009F8192 /* Resources */ = {
			isa = PBXResourcesBuildPhase;
			buildActionMask = 2147483647;
			files = (
				E6CEF8601BB1DAFF007776E8 /* Info.plist in Resources */,
				E63CAECD1BB04687009F8192 /* LaunchScreen.storyboard in Resources */,
				E63CAECA1BB04687009F8192 /* Assets.xcassets in Resources */,
				E63CAEC81BB04687009F8192 /* Main.storyboard in Resources */,
				E6CEF8631BB1DAFF007776E8 /* LoadingView.xib in Resources */,
			);
			runOnlyForDeploymentPostprocessing = 0;
		};
/* End PBXResourcesBuildPhase section */

/* Begin PBXSourcesBuildPhase section */
		E63CAEBB1BB04687009F8192 /* Sources */ = {
			isa = PBXSourcesBuildPhase;
			buildActionMask = 2147483647;
			files = (
				E6CEF8571BB1DAFF007776E8 /* BlurView.swift in Sources */,
				E6CEF8611BB1DAFF007776E8 /* KeyboardLayoutConstraint.swift in Sources */,
				E6CEF86C1BB1DAFF007776E8 /* SpringTextView.swift in Sources */,
				E6CEF8541BB1DAFF007776E8 /* AsyncButton.swift in Sources */,
				E6CEF85D1BB1DAFF007776E8 /* DesignableTextView.swift in Sources */,
				E6CEF8701BB1DAFF007776E8 /* UnwindSegue.swift in Sources */,
				E6CEF86A1BB1DAFF007776E8 /* SpringLabel.swift in Sources */,
				E63CAEC51BB04687009F8192 /* ViewController.swift in Sources */,
				E6CEF8561BB1DAFF007776E8 /* AutoTextView.swift in Sources */,
				E6CEF8671BB1DAFF007776E8 /* SpringAnimation.swift in Sources */,
				E6CEF85F1BB1DAFF007776E8 /* ImageLoader.swift in Sources */,
				E6CEF86B1BB1DAFF007776E8 /* SpringTextField.swift in Sources */,
				E6CEF8321BB19FCD007776E8 /* CalculatorBrain.swift in Sources */,
				E6CEF8591BB1DAFF007776E8 /* DesignableImageView.swift in Sources */,
				E6CEF8651BB1DAFF007776E8 /* SoundPlayer.swift in Sources */,
				E6CEF8641BB1DAFF007776E8 /* Misc.swift in Sources */,
				E6CEF85E1BB1DAFF007776E8 /* DesignableView.swift in Sources */,
				E6CEF86D1BB1DAFF007776E8 /* SpringView.swift in Sources */,
				E63CAEC31BB04687009F8192 /* AppDelegate.swift in Sources */,
				E6CEF8551BB1DAFF007776E8 /* AsyncImageView.swift in Sources */,
				E6CEF8581BB1DAFF007776E8 /* DesignableButton.swift in Sources */,
				E6CEF86F1BB1DAFF007776E8 /* TransitionZoom.swift in Sources */,
				E6CEF8691BB1DAFF007776E8 /* SpringImageView.swift in Sources */,
				E6CEF8681BB1DAFF007776E8 /* SpringButton.swift in Sources */,
				E6CEF85B1BB1DAFF007776E8 /* DesignableTabBarController.swift in Sources */,
				E6CEF85A1BB1DAFF007776E8 /* DesignableLabel.swift in Sources */,
				E6CEF86E1BB1DAFF007776E8 /* TransitionManager.swift in Sources */,
				E6CEF85C1BB1DAFF007776E8 /* DesignableTextField.swift in Sources */,
				E6CEF8621BB1DAFF007776E8 /* LoadingView.swift in Sources */,
				E6CEF8661BB1DAFF007776E8 /* Spring.swift in Sources */,
				E6D8B7641BB2E00F00462C45 /* CalculatorViewController.swift in Sources */,
			);
			runOnlyForDeploymentPostprocessing = 0;
		};
/* End PBXSourcesBuildPhase section */

/* Begin PBXVariantGroup section */
		E63CAEC61BB04687009F8192 /* Main.storyboard */ = {
			isa = PBXVariantGroup;
			children = (
				E63CAEC71BB04687009F8192 /* Base */,
			);
			name = Main.storyboard;
			sourceTree = "<group>";
		};
		E63CAECB1BB04687009F8192 /* LaunchScreen.storyboard */ = {
			isa = PBXVariantGroup;
			children = (
				E63CAECC1BB04687009F8192 /* Base */,
			);
			name = LaunchScreen.storyboard;
			sourceTree = "<group>";
		};
/* End PBXVariantGroup section */

/* Begin XCBuildConfiguration section */
		E63CAECF1BB04687009F8192 /* Debug */ = {
			isa = XCBuildConfiguration;
			buildSettings = {
				ALWAYS_SEARCH_USER_PATHS = NO;
				CLANG_CXX_LANGUAGE_STANDARD = "gnu++0x";
				CLANG_CXX_LIBRARY = "libc++";
				CLANG_ENABLE_MODULES = YES;
				CLANG_ENABLE_OBJC_ARC = YES;
				CLANG_WARN_BOOL_CONVERSION = YES;
				CLANG_WARN_CONSTANT_CONVERSION = YES;
				CLANG_WARN_DIRECT_OBJC_ISA_USAGE = YES_ERROR;
				CLANG_WARN_EMPTY_BODY = YES;
				CLANG_WARN_ENUM_CONVERSION = YES;
				CLANG_WARN_INT_CONVERSION = YES;
				CLANG_WARN_OBJC_ROOT_CLASS = YES_ERROR;
				CLANG_WARN_UNREACHABLE_CODE = YES;
				CLANG_WARN__DUPLICATE_METHOD_MATCH = YES;
				"CODE_SIGN_IDENTITY[sdk=iphoneos*]" = "iPhone Developer";
				COPY_PHASE_STRIP = NO;
				DEBUG_INFORMATION_FORMAT = dwarf;
				ENABLE_STRICT_OBJC_MSGSEND = YES;
				ENABLE_TESTABILITY = YES;
				GCC_C_LANGUAGE_STANDARD = gnu99;
				GCC_DYNAMIC_NO_PIC = NO;
				GCC_NO_COMMON_BLOCKS = YES;
				GCC_OPTIMIZATION_LEVEL = 0;
				GCC_PREPROCESSOR_DEFINITIONS = (
					"DEBUG=1",
					"$(inherited)",
				);
				GCC_WARN_64_TO_32_BIT_CONVERSION = YES;
				GCC_WARN_ABOUT_RETURN_TYPE = YES_ERROR;
				GCC_WARN_UNDECLARED_SELECTOR = YES;
				GCC_WARN_UNINITIALIZED_AUTOS = YES_AGGRESSIVE;
				GCC_WARN_UNUSED_FUNCTION = YES;
				GCC_WARN_UNUSED_VARIABLE = YES;
				IPHONEOS_DEPLOYMENT_TARGET = 9.1;
				MTL_ENABLE_DEBUG_INFO = YES;
				ONLY_ACTIVE_ARCH = YES;
				SDKROOT = iphoneos;
				SWIFT_OPTIMIZATION_LEVEL = "-Onone";
			};
			name = Debug;
		};
		E63CAED01BB04687009F8192 /* Release */ = {
			isa = XCBuildConfiguration;
			buildSettings = {
				ALWAYS_SEARCH_USER_PATHS = NO;
				CLANG_CXX_LANGUAGE_STANDARD = "gnu++0x";
				CLANG_CXX_LIBRARY = "libc++";
				CLANG_ENABLE_MODULES = YES;
				CLANG_ENABLE_OBJC_ARC = YES;
				CLANG_WARN_BOOL_CONVERSION = YES;
				CLANG_WARN_CONSTANT_CONVERSION = YES;
				CLANG_WARN_DIRECT_OBJC_ISA_USAGE = YES_ERROR;
				CLANG_WARN_EMPTY_BODY = YES;
				CLANG_WARN_ENUM_CONVERSION = YES;
				CLANG_WARN_INT_CONVERSION = YES;
				CLANG_WARN_OBJC_ROOT_CLASS = YES_ERROR;
				CLANG_WARN_UNREACHABLE_CODE = YES;
				CLANG_WARN__DUPLICATE_METHOD_MATCH = YES;
				"CODE_SIGN_IDENTITY[sdk=iphoneos*]" = "iPhone Developer";
				COPY_PHASE_STRIP = NO;
				DEBUG_INFORMATION_FORMAT = "dwarf-with-dsym";
				ENABLE_NS_ASSERTIONS = NO;
				ENABLE_STRICT_OBJC_MSGSEND = YES;
				GCC_C_LANGUAGE_STANDARD = gnu99;
				GCC_NO_COMMON_BLOCKS = YES;
				GCC_WARN_64_TO_32_BIT_CONVERSION = YES;
				GCC_WARN_ABOUT_RETURN_TYPE = YES_ERROR;
				GCC_WARN_UNDECLARED_SELECTOR = YES;
				GCC_WARN_UNINITIALIZED_AUTOS = YES_AGGRESSIVE;
				GCC_WARN_UNUSED_FUNCTION = YES;
				GCC_WARN_UNUSED_VARIABLE = YES;
				IPHONEOS_DEPLOYMENT_TARGET = 9.1;
				MTL_ENABLE_DEBUG_INFO = NO;
				SDKROOT = iphoneos;
				VALIDATE_PRODUCT = YES;
			};
			name = Release;
		};
		E63CAED21BB04687009F8192 /* Debug */ = {
			isa = XCBuildConfiguration;
			buildSettings = {
				ASSETCATALOG_COMPILER_APPICON_NAME = AppIcon;
				INFOPLIST_FILE = Calculator/Info.plist;
				LD_RUNPATH_SEARCH_PATHS = "$(inherited) @executable_path/Frameworks";
				PRODUCT_BUNDLE_IDENTIFIER = com.macbellingrath.Calculator;
				PRODUCT_NAME = "$(TARGET_NAME)";
			};
			name = Debug;
		};
		E63CAED31BB04687009F8192 /* Release */ = {
			isa = XCBuildConfiguration;
			buildSettings = {
				ASSETCATALOG_COMPILER_APPICON_NAME = AppIcon;
				INFOPLIST_FILE = Calculator/Info.plist;
				LD_RUNPATH_SEARCH_PATHS = "$(inherited) @executable_path/Frameworks";
				PRODUCT_BUNDLE_IDENTIFIER = com.macbellingrath.Calculator;
				PRODUCT_NAME = "$(TARGET_NAME)";
			};
			name = Release;
		};
/* End XCBuildConfiguration section */

/* Begin XCConfigurationList section */
		E63CAEBA1BB04687009F8192 /* Build configuration list for PBXProject "Calculator" */ = {
			isa = XCConfigurationList;
			buildConfigurations = (
				E63CAECF1BB04687009F8192 /* Debug */,
				E63CAED01BB04687009F8192 /* Release */,
			);
			defaultConfigurationIsVisible = 0;
			defaultConfigurationName = Release;
		};
		E63CAED11BB04687009F8192 /* Build configuration list for PBXNativeTarget "Calculator" */ = {
			isa = XCConfigurationList;
			buildConfigurations = (
				E63CAED21BB04687009F8192 /* Debug */,
				E63CAED31BB04687009F8192 /* Release */,
			);
			defaultConfigurationIsVisible = 0;
			defaultConfigurationName = Release;
		};
/* End XCConfigurationList section */
	};
	rootObject = E63CAEB71BB04687009F8192 /* Project object */;
}
