// !$*UTF8*$!
{
	archiveVersion = 1;
	classes = {
	};
	objectVersion = 46;
	objects = {

/* Begin PBXBuildFile section */
		E60421241BB5D018004EE0E9 /* AppDelegate.swift in Sources */ = {isa = PBXBuildFile; fileRef = E60421231BB5D018004EE0E9 /* AppDelegate.swift */; };
		E60421261BB5D018004EE0E9 /* MasterViewController.swift in Sources */ = {isa = PBXBuildFile; fileRef = E60421251BB5D018004EE0E9 /* MasterViewController.swift */; };
		E60421281BB5D018004EE0E9 /* DetailViewController.swift in Sources */ = {isa = PBXBuildFile; fileRef = E60421271BB5D018004EE0E9 /* DetailViewController.swift */; };
		E604212B1BB5D018004EE0E9 /* Main.storyboard in Resources */ = {isa = PBXBuildFile; fileRef = E60421291BB5D018004EE0E9 /* Main.storyboard */; };
		E604212D1BB5D018004EE0E9 /* Assets.xcassets in Resources */ = {isa = PBXBuildFile; fileRef = E604212C1BB5D018004EE0E9 /* Assets.xcassets */; };
		E60421301BB5D018004EE0E9 /* LaunchScreen.storyboard in Resources */ = {isa = PBXBuildFile; fileRef = E604212E1BB5D018004EE0E9 /* LaunchScreen.storyboard */; };
/* End PBXBuildFile section */

/* Begin PBXFileReference section */
		E60421201BB5D018004EE0E9 /* navigationcon.app */ = {isa = PBXFileReference; explicitFileType = wrapper.application; includeInIndex = 0; path = navigationcon.app; sourceTree = BUILT_PRODUCTS_DIR; };
		E60421231BB5D018004EE0E9 /* AppDelegate.swift */ = {isa = PBXFileReference; lastKnownFileType = sourcecode.swift; path = AppDelegate.swift; sourceTree = "<group>"; };
		E60421251BB5D018004EE0E9 /* MasterViewController.swift */ = {isa = PBXFileReference; lastKnownFileType = sourcecode.swift; path = MasterViewController.swift; sourceTree = "<group>"; };
		E60421271BB5D018004EE0E9 /* DetailViewController.swift */ = {isa = PBXFileReference; lastKnownFileType = sourcecode.swift; path = DetailViewController.swift; sourceTree = "<group>"; };
		E604212A1BB5D018004EE0E9 /* Base */ = {isa = PBXFileReference; lastKnownFileType = file.storyboard; name = Base; path = Base.lproj/Main.storyboard; sourceTree = "<group>"; };
		E604212C1BB5D018004EE0E9 /* Assets.xcassets */ = {isa = PBXFileReference; lastKnownFileType = folder.assetcatalog; path = Assets.xcassets; sourceTree = "<group>"; };
		E604212F1BB5D018004EE0E9 /* Base */ = {isa = PBXFileReference; lastKnownFileType = file.storyboard; name = Base; path = Base.lproj/LaunchScreen.storyboard; sourceTree = "<group>"; };
		E60421311BB5D018004EE0E9 /* Info.plist */ = {isa = PBXFileReference; lastKnownFileType = text.plist.xml; path = Info.plist; sourceTree = "<group>"; };
/* End PBXFileReference section */

/* Begin PBXFrameworksBuildPhase section */
		E604211D1BB5D018004EE0E9 /* Frameworks */ = {
			isa = PBXFrameworksBuildPhase;
			buildActionMask = 2147483647;
			files = (
			);
			runOnlyForDeploymentPostprocessing = 0;
		};
/* End PBXFrameworksBuildPhase section */

/* Begin PBXGroup section */
		E60421171BB5D018004EE0E9 = {
			isa = PBXGroup;
			children = (
				E60421221BB5D018004EE0E9 /* navigationcon */,
				E60421211BB5D018004EE0E9 /* Products */,
			);
			sourceTree = "<group>";
		};
		E60421211BB5D018004EE0E9 /* Products */ = {
			isa = PBXGroup;
			children = (
				E60421201BB5D018004EE0E9 /* navigationcon.app */,
			);
			name = Products;
			sourceTree = "<group>";
		};
		E60421221BB5D018004EE0E9 /* navigationcon */ = {
			isa = PBXGroup;
			children = (
				E60421231BB5D018004EE0E9 /* AppDelegate.swift */,
				E60421251BB5D018004EE0E9 /* MasterViewController.swift */,
				E60421271BB5D018004EE0E9 /* DetailViewController.swift */,
				E60421291BB5D018004EE0E9 /* Main.storyboard */,
				E604212C1BB5D018004EE0E9 /* Assets.xcassets */,
				E604212E1BB5D018004EE0E9 /* LaunchScreen.storyboard */,
				E60421311BB5D018004EE0E9 /* Info.plist */,
			);
			path = navigationcon;
			sourceTree = "<group>";
		};
/* End PBXGroup section */

/* Begin PBXNativeTarget section */
		E604211F1BB5D018004EE0E9 /* navigationcon */ = {
			isa = PBXNativeTarget;
			buildConfigurationList = E60421341BB5D018004EE0E9 /* Build configuration list for PBXNativeTarget "navigationcon" */;
			buildPhases = (
				E604211C1BB5D018004EE0E9 /* Sources */,
				E604211D1BB5D018004EE0E9 /* Frameworks */,
				E604211E1BB5D018004EE0E9 /* Resources */,
			);
			buildRules = (
			);
			dependencies = (
			);
			name = navigationcon;
			productName = navigationcon;
			productReference = E60421201BB5D018004EE0E9 /* navigationcon.app */;
			productType = "com.apple.product-type.application";
		};
/* End PBXNativeTarget section */

/* Begin PBXProject section */
		E60421181BB5D018004EE0E9 /* Project object */ = {
			isa = PBXProject;
			attributes = {
				LastUpgradeCheck = 0710;
				ORGANIZATIONNAME = "Mac Bellingrath";
				TargetAttributes = {
					E604211F1BB5D018004EE0E9 = {
						CreatedOnToolsVersion = 7.1;
					};
				};
			};
			buildConfigurationList = E604211B1BB5D018004EE0E9 /* Build configuration list for PBXProject "navigationcon" */;
			compatibilityVersion = "Xcode 3.2";
			developmentRegion = English;
			hasScannedForEncodings = 0;
			knownRegions = (
				en,
				Base,
			);
			mainGroup = E60421171BB5D018004EE0E9;
			productRefGroup = E60421211BB5D018004EE0E9 /* Products */;
			projectDirPath = "";
			projectRoot = "";
			targets = (
				E604211F1BB5D018004EE0E9 /* navigationcon */,
			);
		};
/* End PBXProject section */

/* Begin PBXResourcesBuildPhase section */
		E604211E1BB5D018004EE0E9 /* Resources */ = {
			isa = PBXResourcesBuildPhase;
			buildActionMask = 2147483647;
			files = (
				E60421301BB5D018004EE0E9 /* LaunchScreen.storyboard in Resources */,
				E604212D1BB5D018004EE0E9 /* Assets.xcassets in Resources */,
				E604212B1BB5D018004EE0E9 /* Main.storyboard in Resources */,
			);
			runOnlyForDeploymentPostprocessing = 0;
		};
/* End PBXResourcesBuildPhase section */

/* Begin PBXSourcesBuildPhase section */
		E604211C1BB5D018004EE0E9 /* Sources */ = {
			isa = PBXSourcesBuildPhase;
			buildActionMask = 2147483647;
			files = (
				E60421281BB5D018004EE0E9 /* DetailViewController.swift in Sources */,
				E60421261BB5D018004EE0E9 /* MasterViewController.swift in Sources */,
				E60421241BB5D018004EE0E9 /* AppDelegate.swift in Sources */,
			);
			runOnlyForDeploymentPostprocessing = 0;
		};
/* End PBXSourcesBuildPhase section */

/* Begin PBXVariantGroup section */
		E60421291BB5D018004EE0E9 /* Main.storyboard */ = {
			isa = PBXVariantGroup;
			children = (
				E604212A1BB5D018004EE0E9 /* Base */,
			);
			name = Main.storyboard;
			sourceTree = "<group>";
		};
		E604212E1BB5D018004EE0E9 /* LaunchScreen.storyboard */ = {
			isa = PBXVariantGroup;
			children = (
				E604212F1BB5D018004EE0E9 /* Base */,
			);
			name = LaunchScreen.storyboard;
			sourceTree = "<group>";
		};
/* End PBXVariantGroup section */

/* Begin XCBuildConfiguration section */
		E60421321BB5D018004EE0E9 /* Debug */ = {
			isa = XCBuildConfiguration;
			buildSettings = {
				ALWAYS_SEARCH_USER_PATHS = NO;
				CLANG_CXX_LANGUAGE_STANDARD = "gnu++0x";
				CLANG_CXX_LIBRARY = "libc++";
				CLANG_ENABLE_MODULES = YES;
				CLANG_ENABLE_OBJC_ARC = YES;
				CLANG_WARN_BOOL_CONVERSION = YES;
				CLANG_WARN_CONSTANT_CONVERSION = YES;
				CLANG_WARN_DIRECT_OBJC_ISA_USAGE = YES_ERROR;
				CLANG_WARN_EMPTY_BODY = YES;
				CLANG_WARN_ENUM_CONVERSION = YES;
				CLANG_WARN_INT_CONVERSION = YES;
				CLANG_WARN_OBJC_ROOT_CLASS = YES_ERROR;
				CLANG_WARN_UNREACHABLE_CODE = YES;
				CLANG_WARN__DUPLICATE_METHOD_MATCH = YES;
				"CODE_SIGN_IDENTITY[sdk=iphoneos*]" = "iPhone Developer";
				COPY_PHASE_STRIP = NO;
				DEBUG_INFORMATION_FORMAT = dwarf;
				ENABLE_STRICT_OBJC_MSGSEND = YES;
				ENABLE_TESTABILITY = YES;
				GCC_C_LANGUAGE_STANDARD = gnu99;
				GCC_DYNAMIC_NO_PIC = NO;
				GCC_NO_COMMON_BLOCKS = YES;
				GCC_OPTIMIZATION_LEVEL = 0;
				GCC_PREPROCESSOR_DEFINITIONS = (
					"DEBUG=1",
					"$(inherited)",
				);
				GCC_WARN_64_TO_32_BIT_CONVERSION = YES;
				GCC_WARN_ABOUT_RETURN_TYPE = YES_ERROR;
				GCC_WARN_UNDECLARED_SELECTOR = YES;
				GCC_WARN_UNINITIALIZED_AUTOS = YES_AGGRESSIVE;
				GCC_WARN_UNUSED_FUNCTION = YES;
				GCC_WARN_UNUSED_VARIABLE = YES;
				IPHONEOS_DEPLOYMENT_TARGET = 9.1;
				MTL_ENABLE_DEBUG_INFO = YES;
				ONLY_ACTIVE_ARCH = YES;
				SDKROOT = iphoneos;
				SWIFT_OPTIMIZATION_LEVEL = "-Onone";
			};
			name = Debug;
		};
		E60421331BB5D018004EE0E9 /* Release */ = {
			isa = XCBuildConfiguration;
			buildSettings = {
				ALWAYS_SEARCH_USER_PATHS = NO;
				CLANG_CXX_LANGUAGE_STANDARD = "gnu++0x";
				CLANG_CXX_LIBRARY = "libc++";
				CLANG_ENABLE_MODULES = YES;
				CLANG_ENABLE_OBJC_ARC = YES;
				CLANG_WARN_BOOL_CONVERSION = YES;
				CLANG_WARN_CONSTANT_CONVERSION = YES;
				CLANG_WARN_DIRECT_OBJC_ISA_USAGE = YES_ERROR;
				CLANG_WARN_EMPTY_BODY = YES;
				CLANG_WARN_ENUM_CONVERSION = YES;
				CLANG_WARN_INT_CONVERSION = YES;
				CLANG_WARN_OBJC_ROOT_CLASS = YES_ERROR;
				CLANG_WARN_UNREACHABLE_CODE = YES;
				CLANG_WARN__DUPLICATE_METHOD_MATCH = YES;
				"CODE_SIGN_IDENTITY[sdk=iphoneos*]" = "iPhone Developer";
				COPY_PHASE_STRIP = NO;
				DEBUG_INFORMATION_FORMAT = "dwarf-with-dsym";
				ENABLE_NS_ASSERTIONS = NO;
				ENABLE_STRICT_OBJC_MSGSEND = YES;
				GCC_C_LANGUAGE_STANDARD = gnu99;
				GCC_NO_COMMON_BLOCKS = YES;
				GCC_WARN_64_TO_32_BIT_CONVERSION = YES;
				GCC_WARN_ABOUT_RETURN_TYPE = YES_ERROR;
				GCC_WARN_UNDECLARED_SELECTOR = YES;
				GCC_WARN_UNINITIALIZED_AUTOS = YES_AGGRESSIVE;
				GCC_WARN_UNUSED_FUNCTION = YES;
				GCC_WARN_UNUSED_VARIABLE = YES;
				IPHONEOS_DEPLOYMENT_TARGET = 9.1;
				MTL_ENABLE_DEBUG_INFO = NO;
				SDKROOT = iphoneos;
				VALIDATE_PRODUCT = YES;
			};
			name = Release;
		};
		E60421351BB5D018004EE0E9 /* Debug */ = {
			isa = XCBuildConfiguration;
			buildSettings = {
				ASSETCATALOG_COMPILER_APPICON_NAME = AppIcon;
				INFOPLIST_FILE = navigationcon/Info.plist;
				LD_RUNPATH_SEARCH_PATHS = "$(inherited) @executable_path/Frameworks";
				PRODUCT_BUNDLE_IDENTIFIER = com.macbellingrath.navigationcon;
				PRODUCT_NAME = "$(TARGET_NAME)";
			};
			name = Debug;
		};
		E60421361BB5D018004EE0E9 /* Release */ = {
			isa = XCBuildConfiguration;
			buildSettings = {
				ASSETCATALOG_COMPILER_APPICON_NAME = AppIcon;
				INFOPLIST_FILE = navigationcon/Info.plist;
				LD_RUNPATH_SEARCH_PATHS = "$(inherited) @executable_path/Frameworks";
				PRODUCT_BUNDLE_IDENTIFIER = com.macbellingrath.navigationcon;
				PRODUCT_NAME = "$(TARGET_NAME)";
			};
			name = Release;
		};
/* End XCBuildConfiguration section */

/* Begin XCConfigurationList section */
		E604211B1BB5D018004EE0E9 /* Build configuration list for PBXProject "navigationcon" */ = {
			isa = XCConfigurationList;
			buildConfigurations = (
				E60421321BB5D018004EE0E9 /* Debug */,
				E60421331BB5D018004EE0E9 /* Release */,
			);
			defaultConfigurationIsVisible = 0;
			defaultConfigurationName = Release;
		};
		E60421341BB5D018004EE0E9 /* Build configuration list for PBXNativeTarget "navigationcon" */ = {
			isa = XCConfigurationList;
			buildConfigurations = (
				E60421351BB5D018004EE0E9 /* Debug */,
				E60421361BB5D018004EE0E9 /* Release */,
			);
			defaultConfigurationIsVisible = 0;
		};
/* End XCConfigurationList section */
	};
	rootObject = E60421181BB5D018004EE0E9 /* Project object */;
}
